// !$*UTF8*$!
{
	archiveVersion = 1;
	classes = {
	};
	objectVersion = 46;
	objects = {

/* Begin PBXBuildFile section */
		5214B9B21C0EF365001CFBFC /* EvilGameplay.swift in Sources */ = {isa = PBXBuildFile; fileRef = 5214B9B11C0EF365001CFBFC /* EvilGameplay.swift */; };
		5214B9BA1C0F4689001CFBFC /* Main.storyboard in Resources */ = {isa = PBXBuildFile; fileRef = 5214B9B91C0F4689001CFBFC /* Main.storyboard */; };
		5214B9BC1C0F9049001CFBFC /* FinishViewController.swift in Sources */ = {isa = PBXBuildFile; fileRef = 5214B9BB1C0F9049001CFBFC /* FinishViewController.swift */; };
		5246A9031BFE2C920061E9BE /* AppDelegate.swift in Sources */ = {isa = PBXBuildFile; fileRef = 5246A9021BFE2C920061E9BE /* AppDelegate.swift */; };
		5246A9051BFE2C920061E9BE /* GameViewController.swift in Sources */ = {isa = PBXBuildFile; fileRef = 5246A9041BFE2C920061E9BE /* GameViewController.swift */; };
		5246A90A1BFE2C920061E9BE /* Assets.xcassets in Resources */ = {isa = PBXBuildFile; fileRef = 5246A9091BFE2C920061E9BE /* Assets.xcassets */; };
		5246A90D1BFE2C920061E9BE /* LaunchScreen.storyboard in Resources */ = {isa = PBXBuildFile; fileRef = 5246A90B1BFE2C920061E9BE /* LaunchScreen.storyboard */; };
		526E05791BFE5BD000E8B797 /* Game.swift in Sources */ = {isa = PBXBuildFile; fileRef = 526E05771BFE5BD000E8B797 /* Game.swift */; };
		526E057A1BFE5BD000E8B797 /* GoodGameplay.swift in Sources */ = {isa = PBXBuildFile; fileRef = 526E05781BFE5BD000E8B797 /* GoodGameplay.swift */; };
		526E057C1BFE5BED00E8B797 /* Gameplay.swift in Sources */ = {isa = PBXBuildFile; fileRef = 526E057B1BFE5BED00E8B797 /* Gameplay.swift */; };
/* End PBXBuildFile section */

/* Begin PBXFileReference section */
		5214B9B11C0EF365001CFBFC /* EvilGameplay.swift */ = {isa = PBXFileReference; fileEncoding = 4; lastKnownFileType = sourcecode.swift; path = EvilGameplay.swift; sourceTree = "<group>"; };
		5214B9B91C0F4689001CFBFC /* Main.storyboard */ = {isa = PBXFileReference; fileEncoding = 4; lastKnownFileType = file.storyboard; name = Main.storyboard; path = ../../../../../.Trash/Main.storyboard; sourceTree = "<group>"; };
		5214B9BB1C0F9049001CFBFC /* FinishViewController.swift */ = {isa = PBXFileReference; fileEncoding = 4; lastKnownFileType = sourcecode.swift; path = FinishViewController.swift; sourceTree = "<group>"; };
		5246A8FF1BFE2C920061E9BE /* Evil-Hangman.app */ = {isa = PBXFileReference; explicitFileType = wrapper.application; includeInIndex = 0; path = "Evil-Hangman.app"; sourceTree = BUILT_PRODUCTS_DIR; };
		5246A9021BFE2C920061E9BE /* AppDelegate.swift */ = {isa = PBXFileReference; lastKnownFileType = sourcecode.swift; path = AppDelegate.swift; sourceTree = "<group>"; };
		5246A9041BFE2C920061E9BE /* GameViewController.swift */ = {isa = PBXFileReference; lastKnownFileType = sourcecode.swift; path = GameViewController.swift; sourceTree = "<group>"; };
		5246A9091BFE2C920061E9BE /* Assets.xcassets */ = {isa = PBXFileReference; lastKnownFileType = folder.assetcatalog; path = Assets.xcassets; sourceTree = "<group>"; };
		5246A90C1BFE2C920061E9BE /* Base */ = {isa = PBXFileReference; lastKnownFileType = file.storyboard; name = Base; path = Base.lproj/LaunchScreen.storyboard; sourceTree = "<group>"; };
		5246A90E1BFE2C920061E9BE /* Info.plist */ = {isa = PBXFileReference; lastKnownFileType = text.plist.xml; path = Info.plist; sourceTree = "<group>"; };
		526E05771BFE5BD000E8B797 /* Game.swift */ = {isa = PBXFileReference; fileEncoding = 4; lastKnownFileType = sourcecode.swift; path = Game.swift; sourceTree = "<group>"; };
		526E05781BFE5BD000E8B797 /* GoodGameplay.swift */ = {isa = PBXFileReference; fileEncoding = 4; lastKnownFileType = sourcecode.swift; path = GoodGameplay.swift; sourceTree = "<group>"; };
		526E057B1BFE5BED00E8B797 /* Gameplay.swift */ = {isa = PBXFileReference; fileEncoding = 4; lastKnownFileType = sourcecode.swift; path = Gameplay.swift; sourceTree = "<group>"; };
/* End PBXFileReference section */

/* Begin PBXFrameworksBuildPhase section */
		5246A8FC1BFE2C920061E9BE /* Frameworks */ = {
			isa = PBXFrameworksBuildPhase;
			buildActionMask = 2147483647;
			files = (
			);
			runOnlyForDeploymentPostprocessing = 0;
		};
/* End PBXFrameworksBuildPhase section */

/* Begin PBXGroup section */
		5246A8F61BFE2C920061E9BE = {
			isa = PBXGroup;
			children = (
				5246A9011BFE2C920061E9BE /* Evil-Hangman */,
				5246A9001BFE2C920061E9BE /* Products */,
			);
			sourceTree = "<group>";
		};
		5246A9001BFE2C920061E9BE /* Products */ = {
			isa = PBXGroup;
			children = (
				5246A8FF1BFE2C920061E9BE /* Evil-Hangman.app */,
			);
			name = Products;
			sourceTree = "<group>";
		};
		5246A9011BFE2C920061E9BE /* Evil-Hangman */ = {
			isa = PBXGroup;
			children = (
				526E05771BFE5BD000E8B797 /* Game.swift */,
				526E057B1BFE5BED00E8B797 /* Gameplay.swift */,
				526E05781BFE5BD000E8B797 /* GoodGameplay.swift */,
				5214B9B11C0EF365001CFBFC /* EvilGameplay.swift */,
				5246A9021BFE2C920061E9BE /* AppDelegate.swift */,
				5246A9041BFE2C920061E9BE /* GameViewController.swift */,
				5214B9BB1C0F9049001CFBFC /* FinishViewController.swift */,
				5214B9B91C0F4689001CFBFC /* Main.storyboard */,
				5246A9091BFE2C920061E9BE /* Assets.xcassets */,
				5246A90B1BFE2C920061E9BE /* LaunchScreen.storyboard */,
				5246A90E1BFE2C920061E9BE /* Info.plist */,
			);
			path = "Evil-Hangman";
			sourceTree = "<group>";
		};
/* End PBXGroup section */

/* Begin PBXNativeTarget section */
		5246A8FE1BFE2C920061E9BE /* Evil-Hangman */ = {
			isa = PBXNativeTarget;
			buildConfigurationList = 5246A9111BFE2C920061E9BE /* Build configuration list for PBXNativeTarget "Evil-Hangman" */;
			buildPhases = (
				5246A8FB1BFE2C920061E9BE /* Sources */,
				5246A8FC1BFE2C920061E9BE /* Frameworks */,
				5246A8FD1BFE2C920061E9BE /* Resources */,
			);
			buildRules = (
			);
			dependencies = (
			);
			name = "Evil-Hangman";
			productName = "Evil-Hangman";
			productReference = 5246A8FF1BFE2C920061E9BE /* Evil-Hangman.app */;
			productType = "com.apple.product-type.application";
		};
/* End PBXNativeTarget section */

/* Begin PBXProject section */
		5246A8F71BFE2C920061E9BE /* Project object */ = {
			isa = PBXProject;
			attributes = {
				LastSwiftUpdateCheck = 0710;
				LastUpgradeCheck = 0710;
				ORGANIZATIONNAME = "Mees Fröberg";
				TargetAttributes = {
					5246A8FE1BFE2C920061E9BE = {
						CreatedOnToolsVersion = 7.1.1;
					};
				};
			};
			buildConfigurationList = 5246A8FA1BFE2C920061E9BE /* Build configuration list for PBXProject "Evil-Hangman" */;
			compatibilityVersion = "Xcode 3.2";
			developmentRegion = English;
			hasScannedForEncodings = 0;
			knownRegions = (
				en,
				Base,
			);
			mainGroup = 5246A8F61BFE2C920061E9BE;
			productRefGroup = 5246A9001BFE2C920061E9BE /* Products */;
			projectDirPath = "";
			projectRoot = "";
			targets = (
				5246A8FE1BFE2C920061E9BE /* Evil-Hangman */,
			);
		};
/* End PBXProject section */

/* Begin PBXResourcesBuildPhase section */
		5246A8FD1BFE2C920061E9BE /* Resources */ = {
			isa = PBXResourcesBuildPhase;
			buildActionMask = 2147483647;
			files = (
				5214B9BA1C0F4689001CFBFC /* Main.storyboard in Resources */,
				5246A90D1BFE2C920061E9BE /* LaunchScreen.storyboard in Resources */,
				5246A90A1BFE2C920061E9BE /* Assets.xcassets in Resources */,
			);
			runOnlyForDeploymentPostprocessing = 0;
		};
/* End PBXResourcesBuildPhase section */

/* Begin PBXSourcesBuildPhase section */
		5246A8FB1BFE2C920061E9BE /* Sources */ = {
			isa = PBXSourcesBuildPhase;
			buildActionMask = 2147483647;
			files = (
				5246A9051BFE2C920061E9BE /* GameViewController.swift in Sources */,
				5214B9B21C0EF365001CFBFC /* EvilGameplay.swift in Sources */,
				526E05791BFE5BD000E8B797 /* Game.swift in Sources */,
				5214B9BC1C0F9049001CFBFC /* FinishViewController.swift in Sources */,
				526E057A1BFE5BD000E8B797 /* GoodGameplay.swift in Sources */,
				526E057C1BFE5BED00E8B797 /* Gameplay.swift in Sources */,
				5246A9031BFE2C920061E9BE /* AppDelegate.swift in Sources */,
			);
			runOnlyForDeploymentPostprocessing = 0;
		};
/* End PBXSourcesBuildPhase section */

/* Begin PBXVariantGroup section */
		5246A90B1BFE2C920061E9BE /* LaunchScreen.storyboard */ = {
			isa = PBXVariantGroup;
			children = (
				5246A90C1BFE2C920061E9BE /* Base */,
			);
			name = LaunchScreen.storyboard;
			sourceTree = "<group>";
		};
/* End PBXVariantGroup section */

/* Begin XCBuildConfiguration section */
		5246A90F1BFE2C920061E9BE /* Debug */ = {
			isa = XCBuildConfiguration;
			buildSettings = {
				ALWAYS_SEARCH_USER_PATHS = NO;
				CLANG_CXX_LANGUAGE_STANDARD = "gnu++0x";
				CLANG_CXX_LIBRARY = "libc++";
				CLANG_ENABLE_MODULES = YES;
				CLANG_ENABLE_OBJC_ARC = YES;
				CLANG_WARN_BOOL_CONVERSION = YES;
				CLANG_WARN_CONSTANT_CONVERSION = YES;
				CLANG_WARN_DIRECT_OBJC_ISA_USAGE = YES_ERROR;
				CLANG_WARN_EMPTY_BODY = YES;
				CLANG_WARN_ENUM_CONVERSION = YES;
				CLANG_WARN_INT_CONVERSION = YES;
				CLANG_WARN_OBJC_ROOT_CLASS = YES_ERROR;
				CLANG_WARN_UNREACHABLE_CODE = YES;
				CLANG_WARN__DUPLICATE_METHOD_MATCH = YES;
				"CODE_SIGN_IDENTITY[sdk=iphoneos*]" = "iPhone Developer";
				COPY_PHASE_STRIP = NO;
				DEBUG_INFORMATION_FORMAT = dwarf;
				ENABLE_STRICT_OBJC_MSGSEND = YES;
				ENABLE_TESTABILITY = YES;
				GCC_C_LANGUAGE_STANDARD = gnu99;
				GCC_DYNAMIC_NO_PIC = NO;
				GCC_NO_COMMON_BLOCKS = YES;
				GCC_OPTIMIZATION_LEVEL = 0;
				GCC_PREPROCESSOR_DEFINITIONS = (
					"DEBUG=1",
					"$(inherited)",
				);
				GCC_WARN_64_TO_32_BIT_CONVERSION = YES;
				GCC_WARN_ABOUT_RETURN_TYPE = YES_ERROR;
				GCC_WARN_UNDECLARED_SELECTOR = YES;
				GCC_WARN_UNINITIALIZED_AUTOS = YES_AGGRESSIVE;
				GCC_WARN_UNUSED_FUNCTION = YES;
				GCC_WARN_UNUSED_VARIABLE = YES;
				IPHONEOS_DEPLOYMENT_TARGET = 9.1;
				MTL_ENABLE_DEBUG_INFO = YES;
				ONLY_ACTIVE_ARCH = YES;
				SDKROOT = iphoneos;
				SWIFT_OPTIMIZATION_LEVEL = "-Onone";
				TARGETED_DEVICE_FAMILY = "1,2";
			};
			name = Debug;
		};
		5246A9101BFE2C920061E9BE /* Release */ = {
			isa = XCBuildConfiguration;
			buildSettings = {
				ALWAYS_SEARCH_USER_PATHS = NO;
				CLANG_CXX_LANGUAGE_STANDARD = "gnu++0x";
				CLANG_CXX_LIBRARY = "libc++";
				CLANG_ENABLE_MODULES = YES;
				CLANG_ENABLE_OBJC_ARC = YES;
				CLANG_WARN_BOOL_CONVERSION = YES;
				CLANG_WARN_CONSTANT_CONVERSION = YES;
				CLANG_WARN_DIRECT_OBJC_ISA_USAGE = YES_ERROR;
				CLANG_WARN_EMPTY_BODY = YES;
				CLANG_WARN_ENUM_CONVERSION = YES;
				CLANG_WARN_INT_CONVERSION = YES;
				CLANG_WARN_OBJC_ROOT_CLASS = YES_ERROR;
				CLANG_WARN_UNREACHABLE_CODE = YES;
				CLANG_WARN__DUPLICATE_METHOD_MATCH = YES;
				"CODE_SIGN_IDENTITY[sdk=iphoneos*]" = "iPhone Developer";
				COPY_PHASE_STRIP = NO;
				DEBUG_INFORMATION_FORMAT = "dwarf-with-dsym";
				ENABLE_NS_ASSERTIONS = NO;
				ENABLE_STRICT_OBJC_MSGSEND = YES;
				GCC_C_LANGUAGE_STANDARD = gnu99;
				GCC_NO_COMMON_BLOCKS = YES;
				GCC_WARN_64_TO_32_BIT_CONVERSION = YES;
				GCC_WARN_ABOUT_RETURN_TYPE = YES_ERROR;
				GCC_WARN_UNDECLARED_SELECTOR = YES;
				GCC_WARN_UNINITIALIZED_AUTOS = YES_AGGRESSIVE;
				GCC_WARN_UNUSED_FUNCTION = YES;
				GCC_WARN_UNUSED_VARIABLE = YES;
				IPHONEOS_DEPLOYMENT_TARGET = 9.1;
				MTL_ENABLE_DEBUG_INFO = NO;
				SDKROOT = iphoneos;
				TARGETED_DEVICE_FAMILY = "1,2";
				VALIDATE_PRODUCT = YES;
			};
			name = Release;
		};
		5246A9121BFE2C920061E9BE /* Debug */ = {
			isa = XCBuildConfiguration;
			buildSettings = {
				ASSETCATALOG_COMPILER_APPICON_NAME = AppIcon;
				INFOPLIST_FILE = "Evil-Hangman/Info.plist";
				LD_RUNPATH_SEARCH_PATHS = "$(inherited) @executable_path/Frameworks";
				PRODUCT_BUNDLE_IDENTIFIER = "Mees.Evil-Hangman";
				PRODUCT_NAME = "$(TARGET_NAME)";
			};
			name = Debug;
		};
		5246A9131BFE2C920061E9BE /* Release */ = {
			isa = XCBuildConfiguration;
			buildSettings = {
				ASSETCATALOG_COMPILER_APPICON_NAME = AppIcon;
				INFOPLIST_FILE = "Evil-Hangman/Info.plist";
				LD_RUNPATH_SEARCH_PATHS = "$(inherited) @executable_path/Frameworks";
				PRODUCT_BUNDLE_IDENTIFIER = "Mees.Evil-Hangman";
				PRODUCT_NAME = "$(TARGET_NAME)";
			};
			name = Release;
		};
/* End XCBuildConfiguration section */

/* Begin XCConfigurationList section */
		5246A8FA1BFE2C920061E9BE /* Build configuration list for PBXProject "Evil-Hangman" */ = {
			isa = XCConfigurationList;
			buildConfigurations = (
				5246A90F1BFE2C920061E9BE /* Debug */,
				5246A9101BFE2C920061E9BE /* Release */,
			);
			defaultConfigurationIsVisible = 0;
			defaultConfigurationName = Release;
		};
		5246A9111BFE2C920061E9BE /* Build configuration list for PBXNativeTarget "Evil-Hangman" */ = {
			isa = XCConfigurationList;
			buildConfigurations = (
				5246A9121BFE2C920061E9BE /* Debug */,
				5246A9131BFE2C920061E9BE /* Release */,
			);
			defaultConfigurationIsVisible = 0;
			defaultConfigurationName = Release;
		};
/* End XCConfigurationList section */
	};
	rootObject = 5246A8F71BFE2C920061E9BE /* Project object */;
}
