// !$*UTF8*$!
{
	archiveVersion = 1;
	classes = {
	};
	objectVersion = 46;
	objects = {

/* Begin PBXBuildFile section */
		520970F21C171ADE005788B9 /* small.plist in Resources */ = {isa = PBXBuildFile; fileRef = 520970F01C171ADE005788B9 /* small.plist */; };
		520970F31C171ADE005788B9 /* words.plist in Resources */ = {isa = PBXBuildFile; fileRef = 520970F11C171ADE005788B9 /* words.plist */; };
		520970F91C174D84005788B9 /* EvilGameplay.swift in Sources */ = {isa = PBXBuildFile; fileRef = 520970F51C174D84005788B9 /* EvilGameplay.swift */; };
		520970FA1C174D84005788B9 /* Game.swift in Sources */ = {isa = PBXBuildFile; fileRef = 520970F61C174D84005788B9 /* Game.swift */; };
		520970FB1C174D84005788B9 /* Gameplay.swift in Sources */ = {isa = PBXBuildFile; fileRef = 520970F71C174D84005788B9 /* Gameplay.swift */; };
		520970FC1C174D84005788B9 /* GoodGameplay.swift in Sources */ = {isa = PBXBuildFile; fileRef = 520970F81C174D84005788B9 /* GoodGameplay.swift */; };
		5246A9031BFE2C920061E9BE /* AppDelegate.swift in Sources */ = {isa = PBXBuildFile; fileRef = 5246A9021BFE2C920061E9BE /* AppDelegate.swift */; };
		5246A90A1BFE2C920061E9BE /* Assets.xcassets in Resources */ = {isa = PBXBuildFile; fileRef = 5246A9091BFE2C920061E9BE /* Assets.xcassets */; };
		5246A90D1BFE2C920061E9BE /* LaunchScreen.storyboard in Resources */ = {isa = PBXBuildFile; fileRef = 5246A90B1BFE2C920061E9BE /* LaunchScreen.storyboard */; };
		5266CABC1C1703F500E26D00 /* FinishViewController.swift in Sources */ = {isa = PBXBuildFile; fileRef = 5266CAB91C1703F500E26D00 /* FinishViewController.swift */; };
		5266CABD1C1703F500E26D00 /* GameViewController.swift in Sources */ = {isa = PBXBuildFile; fileRef = 5266CABA1C1703F500E26D00 /* GameViewController.swift */; };
		5266CABE1C1703F500E26D00 /* MenuViewController.swift in Sources */ = {isa = PBXBuildFile; fileRef = 5266CABB1C1703F500E26D00 /* MenuViewController.swift */; };
		5266CAC81C17045900E26D00 /* HighscoresViewController.swift in Sources */ = {isa = PBXBuildFile; fileRef = 5266CAC51C17045900E26D00 /* HighscoresViewController.swift */; };
		5266CAC91C17045900E26D00 /* ManualViewController.swift in Sources */ = {isa = PBXBuildFile; fileRef = 5266CAC61C17045900E26D00 /* ManualViewController.swift */; };
		5266CACA1C17045900E26D00 /* SettingsViewController.swift in Sources */ = {isa = PBXBuildFile; fileRef = 5266CAC71C17045900E26D00 /* SettingsViewController.swift */; };
		52820ADD1C10C9C70053C98B /* Main.storyboard in Resources */ = {isa = PBXBuildFile; fileRef = 52820ADB1C10C9C70053C98B /* Main.storyboard */; };
/* End PBXBuildFile section */

/* Begin PBXFileReference section */
		520970F01C171ADE005788B9 /* small.plist */ = {isa = PBXFileReference; fileEncoding = 4; lastKnownFileType = text.plist.xml; name = small.plist; path = WordLists/small.plist; sourceTree = "<group>"; };
		520970F11C171ADE005788B9 /* words.plist */ = {isa = PBXFileReference; fileEncoding = 4; lastKnownFileType = text.plist.xml; name = words.plist; path = WordLists/words.plist; sourceTree = "<group>"; };
		520970F51C174D84005788B9 /* EvilGameplay.swift */ = {isa = PBXFileReference; fileEncoding = 4; lastKnownFileType = sourcecode.swift; name = EvilGameplay.swift; path = Game/EvilGameplay.swift; sourceTree = "<group>"; };
		520970F61C174D84005788B9 /* Game.swift */ = {isa = PBXFileReference; fileEncoding = 4; lastKnownFileType = sourcecode.swift; name = Game.swift; path = Game/Game.swift; sourceTree = "<group>"; };
		520970F71C174D84005788B9 /* Gameplay.swift */ = {isa = PBXFileReference; fileEncoding = 4; lastKnownFileType = sourcecode.swift; name = Gameplay.swift; path = Game/Gameplay.swift; sourceTree = "<group>"; };
		520970F81C174D84005788B9 /* GoodGameplay.swift */ = {isa = PBXFileReference; fileEncoding = 4; lastKnownFileType = sourcecode.swift; name = GoodGameplay.swift; path = Game/GoodGameplay.swift; sourceTree = "<group>"; };
		5246A8FF1BFE2C920061E9BE /* Evil-Hangman.app */ = {isa = PBXFileReference; explicitFileType = wrapper.application; includeInIndex = 0; path = "Evil-Hangman.app"; sourceTree = BUILT_PRODUCTS_DIR; };
		5246A9021BFE2C920061E9BE /* AppDelegate.swift */ = {isa = PBXFileReference; lastKnownFileType = sourcecode.swift; path = AppDelegate.swift; sourceTree = "<group>"; };
		5246A9091BFE2C920061E9BE /* Assets.xcassets */ = {isa = PBXFileReference; lastKnownFileType = folder.assetcatalog; path = Assets.xcassets; sourceTree = "<group>"; };
		5246A90C1BFE2C920061E9BE /* Base */ = {isa = PBXFileReference; lastKnownFileType = file.storyboard; name = Base; path = Base.lproj/LaunchScreen.storyboard; sourceTree = "<group>"; };
		5246A90E1BFE2C920061E9BE /* Info.plist */ = {isa = PBXFileReference; lastKnownFileType = text.plist.xml; path = Info.plist; sourceTree = "<group>"; };
		5266CAB91C1703F500E26D00 /* FinishViewController.swift */ = {isa = PBXFileReference; fileEncoding = 4; lastKnownFileType = sourcecode.swift; name = FinishViewController.swift; path = ViewControllers/FinishViewController.swift; sourceTree = "<group>"; };
		5266CABA1C1703F500E26D00 /* GameViewController.swift */ = {isa = PBXFileReference; fileEncoding = 4; lastKnownFileType = sourcecode.swift; name = GameViewController.swift; path = ViewControllers/GameViewController.swift; sourceTree = "<group>"; };
		5266CABB1C1703F500E26D00 /* MenuViewController.swift */ = {isa = PBXFileReference; fileEncoding = 4; lastKnownFileType = sourcecode.swift; name = MenuViewController.swift; path = ViewControllers/MenuViewController.swift; sourceTree = "<group>"; };
		5266CAC51C17045900E26D00 /* HighscoresViewController.swift */ = {isa = PBXFileReference; fileEncoding = 4; lastKnownFileType = sourcecode.swift; name = HighscoresViewController.swift; path = ViewControllers/HighscoresViewController.swift; sourceTree = "<group>"; };
		5266CAC61C17045900E26D00 /* ManualViewController.swift */ = {isa = PBXFileReference; fileEncoding = 4; lastKnownFileType = sourcecode.swift; name = ManualViewController.swift; path = ViewControllers/ManualViewController.swift; sourceTree = "<group>"; };
		5266CAC71C17045900E26D00 /* SettingsViewController.swift */ = {isa = PBXFileReference; fileEncoding = 4; lastKnownFileType = sourcecode.swift; name = SettingsViewController.swift; path = ViewControllers/SettingsViewController.swift; sourceTree = "<group>"; };
		52820ADC1C10C9C70053C98B /* Base */ = {isa = PBXFileReference; lastKnownFileType = file.storyboard; name = Base; path = Base.lproj/Main.storyboard; sourceTree = "<group>"; };
/* End PBXFileReference section */

/* Begin PBXFrameworksBuildPhase section */
		5246A8FC1BFE2C920061E9BE /* Frameworks */ = {
			isa = PBXFrameworksBuildPhase;
			buildActionMask = 2147483647;
			files = (
			);
			runOnlyForDeploymentPostprocessing = 0;
		};
/* End PBXFrameworksBuildPhase section */

/* Begin PBXGroup section */
		520970F41C174D35005788B9 /* Game */ = {
			isa = PBXGroup;
			children = (
				520970F51C174D84005788B9 /* EvilGameplay.swift */,
				520970F61C174D84005788B9 /* Game.swift */,
				520970F71C174D84005788B9 /* Gameplay.swift */,
				520970F81C174D84005788B9 /* GoodGameplay.swift */,
			);
			name = Game;
			sourceTree = "<group>";
		};
		5246A8F61BFE2C920061E9BE = {
			isa = PBXGroup;
			children = (
				5246A9011BFE2C920061E9BE /* Evil-Hangman */,
				5246A9001BFE2C920061E9BE /* Products */,
			);
			sourceTree = "<group>";
		};
		5246A9001BFE2C920061E9BE /* Products */ = {
			isa = PBXGroup;
			children = (
				5246A8FF1BFE2C920061E9BE /* Evil-Hangman.app */,
			);
			name = Products;
			sourceTree = "<group>";
		};
		5246A9011BFE2C920061E9BE /* Evil-Hangman */ = {
			isa = PBXGroup;
			children = (
				5269A9AD1C16F8EC00FFFCC7 /* WordLists */,
				5269A9AC1C16F8D900FFFCC7 /* ViewControllers */,
				520970F41C174D35005788B9 /* Game */,
				52820ADB1C10C9C70053C98B /* Main.storyboard */,
				5246A9021BFE2C920061E9BE /* AppDelegate.swift */,
				5246A9091BFE2C920061E9BE /* Assets.xcassets */,
				5246A90B1BFE2C920061E9BE /* LaunchScreen.storyboard */,
				5246A90E1BFE2C920061E9BE /* Info.plist */,
			);
			path = "Evil-Hangman";
			sourceTree = "<group>";
		};
		5269A9AC1C16F8D900FFFCC7 /* ViewControllers */ = {
			isa = PBXGroup;
			children = (
				5266CAB91C1703F500E26D00 /* FinishViewController.swift */,
				5266CABA1C1703F500E26D00 /* GameViewController.swift */,
				5266CABB1C1703F500E26D00 /* MenuViewController.swift */,
				5266CAC51C17045900E26D00 /* HighscoresViewController.swift */,
				5266CAC61C17045900E26D00 /* ManualViewController.swift */,
				5266CAC71C17045900E26D00 /* SettingsViewController.swift */,
			);
			name = ViewControllers;
			sourceTree = "<group>";
		};
		5269A9AD1C16F8EC00FFFCC7 /* WordLists */ = {
			isa = PBXGroup;
			children = (
				520970F01C171ADE005788B9 /* small.plist */,
				520970F11C171ADE005788B9 /* words.plist */,
			);
			name = WordLists;
			sourceTree = "<group>";
		};
/* End PBXGroup section */

/* Begin PBXNativeTarget section */
		5246A8FE1BFE2C920061E9BE /* Evil-Hangman */ = {
			isa = PBXNativeTarget;
			buildConfigurationList = 5246A9111BFE2C920061E9BE /* Build configuration list for PBXNativeTarget "Evil-Hangman" */;
			buildPhases = (
				5246A8FB1BFE2C920061E9BE /* Sources */,
				5246A8FC1BFE2C920061E9BE /* Frameworks */,
				5246A8FD1BFE2C920061E9BE /* Resources */,
			);
			buildRules = (
			);
			dependencies = (
			);
			name = "Evil-Hangman";
			productName = "Evil-Hangman";
			productReference = 5246A8FF1BFE2C920061E9BE /* Evil-Hangman.app */;
			productType = "com.apple.product-type.application";
		};
/* End PBXNativeTarget section */

/* Begin PBXProject section */
		5246A8F71BFE2C920061E9BE /* Project object */ = {
			isa = PBXProject;
			attributes = {
				LastSwiftUpdateCheck = 0710;
				LastUpgradeCheck = 0710;
				ORGANIZATIONNAME = "Mees Fröberg";
				TargetAttributes = {
					5246A8FE1BFE2C920061E9BE = {
						CreatedOnToolsVersion = 7.1.1;
					};
				};
			};
			buildConfigurationList = 5246A8FA1BFE2C920061E9BE /* Build configuration list for PBXProject "Evil-Hangman" */;
			compatibilityVersion = "Xcode 3.2";
			developmentRegion = English;
			hasScannedForEncodings = 0;
			knownRegions = (
				en,
				Base,
			);
			mainGroup = 5246A8F61BFE2C920061E9BE;
			productRefGroup = 5246A9001BFE2C920061E9BE /* Products */;
			projectDirPath = "";
			projectRoot = "";
			targets = (
				5246A8FE1BFE2C920061E9BE /* Evil-Hangman */,
			);
		};
/* End PBXProject section */

/* Begin PBXResourcesBuildPhase section */
		5246A8FD1BFE2C920061E9BE /* Resources */ = {
			isa = PBXResourcesBuildPhase;
			buildActionMask = 2147483647;
			files = (
				5246A90D1BFE2C920061E9BE /* LaunchScreen.storyboard in Resources */,
				5246A90A1BFE2C920061E9BE /* Assets.xcassets in Resources */,
				52820ADD1C10C9C70053C98B /* Main.storyboard in Resources */,
				520970F31C171ADE005788B9 /* words.plist in Resources */,
				520970F21C171ADE005788B9 /* small.plist in Resources */,
			);
			runOnlyForDeploymentPostprocessing = 0;
		};
/* End PBXResourcesBuildPhase section */

/* Begin PBXSourcesBuildPhase section */
		5246A8FB1BFE2C920061E9BE /* Sources */ = {
			isa = PBXSourcesBuildPhase;
			buildActionMask = 2147483647;
			files = (
				520970FC1C174D84005788B9 /* GoodGameplay.swift in Sources */,
				5266CABD1C1703F500E26D00 /* GameViewController.swift in Sources */,
				520970F91C174D84005788B9 /* EvilGameplay.swift in Sources */,
				520970FA1C174D84005788B9 /* Game.swift in Sources */,
				5266CACA1C17045900E26D00 /* SettingsViewController.swift in Sources */,
				520970FB1C174D84005788B9 /* Gameplay.swift in Sources */,
				5266CAC81C17045900E26D00 /* HighscoresViewController.swift in Sources */,
				5246A9031BFE2C920061E9BE /* AppDelegate.swift in Sources */,
				5266CABC1C1703F500E26D00 /* FinishViewController.swift in Sources */,
				5266CAC91C17045900E26D00 /* ManualViewController.swift in Sources */,
				5266CABE1C1703F500E26D00 /* MenuViewController.swift in Sources */,
			);
			runOnlyForDeploymentPostprocessing = 0;
		};
/* End PBXSourcesBuildPhase section */

/* Begin PBXVariantGroup section */
		5246A90B1BFE2C920061E9BE /* LaunchScreen.storyboard */ = {
			isa = PBXVariantGroup;
			children = (
				5246A90C1BFE2C920061E9BE /* Base */,
			);
			name = LaunchScreen.storyboard;
			sourceTree = "<group>";
		};
		52820ADB1C10C9C70053C98B /* Main.storyboard */ = {
			isa = PBXVariantGroup;
			children = (
				52820ADC1C10C9C70053C98B /* Base */,
			);
			name = Main.storyboard;
			sourceTree = "<group>";
		};
/* End PBXVariantGroup section */

/* Begin XCBuildConfiguration section */
		5246A90F1BFE2C920061E9BE /* Debug */ = {
			isa = XCBuildConfiguration;
			buildSettings = {
				ALWAYS_SEARCH_USER_PATHS = NO;
				CLANG_CXX_LANGUAGE_STANDARD = "gnu++0x";
				CLANG_CXX_LIBRARY = "libc++";
				CLANG_ENABLE_MODULES = YES;
				CLANG_ENABLE_OBJC_ARC = YES;
				CLANG_WARN_BOOL_CONVERSION = YES;
				CLANG_WARN_CONSTANT_CONVERSION = YES;
				CLANG_WARN_DIRECT_OBJC_ISA_USAGE = YES_ERROR;
				CLANG_WARN_EMPTY_BODY = YES;
				CLANG_WARN_ENUM_CONVERSION = YES;
				CLANG_WARN_INT_CONVERSION = YES;
				CLANG_WARN_OBJC_ROOT_CLASS = YES_ERROR;
				CLANG_WARN_UNREACHABLE_CODE = YES;
				CLANG_WARN__DUPLICATE_METHOD_MATCH = YES;
				"CODE_SIGN_IDENTITY[sdk=iphoneos*]" = "iPhone Developer";
				COPY_PHASE_STRIP = NO;
				DEBUG_INFORMATION_FORMAT = dwarf;
				ENABLE_STRICT_OBJC_MSGSEND = YES;
				ENABLE_TESTABILITY = YES;
				GCC_C_LANGUAGE_STANDARD = gnu99;
				GCC_DYNAMIC_NO_PIC = NO;
				GCC_NO_COMMON_BLOCKS = YES;
				GCC_OPTIMIZATION_LEVEL = 0;
				GCC_PREPROCESSOR_DEFINITIONS = (
					"DEBUG=1",
					"$(inherited)",
				);
				GCC_WARN_64_TO_32_BIT_CONVERSION = YES;
				GCC_WARN_ABOUT_RETURN_TYPE = YES_ERROR;
				GCC_WARN_UNDECLARED_SELECTOR = YES;
				GCC_WARN_UNINITIALIZED_AUTOS = YES_AGGRESSIVE;
				GCC_WARN_UNUSED_FUNCTION = YES;
				GCC_WARN_UNUSED_VARIABLE = YES;
				IPHONEOS_DEPLOYMENT_TARGET = 9.1;
				MTL_ENABLE_DEBUG_INFO = YES;
				ONLY_ACTIVE_ARCH = YES;
				SDKROOT = iphoneos;
				SWIFT_OPTIMIZATION_LEVEL = "-Onone";
				TARGETED_DEVICE_FAMILY = "1,2";
			};
			name = Debug;
		};
		5246A9101BFE2C920061E9BE /* Release */ = {
			isa = XCBuildConfiguration;
			buildSettings = {
				ALWAYS_SEARCH_USER_PATHS = NO;
				CLANG_CXX_LANGUAGE_STANDARD = "gnu++0x";
				CLANG_CXX_LIBRARY = "libc++";
				CLANG_ENABLE_MODULES = YES;
				CLANG_ENABLE_OBJC_ARC = YES;
				CLANG_WARN_BOOL_CONVERSION = YES;
				CLANG_WARN_CONSTANT_CONVERSION = YES;
				CLANG_WARN_DIRECT_OBJC_ISA_USAGE = YES_ERROR;
				CLANG_WARN_EMPTY_BODY = YES;
				CLANG_WARN_ENUM_CONVERSION = YES;
				CLANG_WARN_INT_CONVERSION = YES;
				CLANG_WARN_OBJC_ROOT_CLASS = YES_ERROR;
				CLANG_WARN_UNREACHABLE_CODE = YES;
				CLANG_WARN__DUPLICATE_METHOD_MATCH = YES;
				"CODE_SIGN_IDENTITY[sdk=iphoneos*]" = "iPhone Developer";
				COPY_PHASE_STRIP = NO;
				DEBUG_INFORMATION_FORMAT = "dwarf-with-dsym";
				ENABLE_NS_ASSERTIONS = NO;
				ENABLE_STRICT_OBJC_MSGSEND = YES;
				GCC_C_LANGUAGE_STANDARD = gnu99;
				GCC_NO_COMMON_BLOCKS = YES;
				GCC_WARN_64_TO_32_BIT_CONVERSION = YES;
				GCC_WARN_ABOUT_RETURN_TYPE = YES_ERROR;
				GCC_WARN_UNDECLARED_SELECTOR = YES;
				GCC_WARN_UNINITIALIZED_AUTOS = YES_AGGRESSIVE;
				GCC_WARN_UNUSED_FUNCTION = YES;
				GCC_WARN_UNUSED_VARIABLE = YES;
				IPHONEOS_DEPLOYMENT_TARGET = 9.1;
				MTL_ENABLE_DEBUG_INFO = NO;
				SDKROOT = iphoneos;
				TARGETED_DEVICE_FAMILY = "1,2";
				VALIDATE_PRODUCT = YES;
			};
			name = Release;
		};
		5246A9121BFE2C920061E9BE /* Debug */ = {
			isa = XCBuildConfiguration;
			buildSettings = {
				ASSETCATALOG_COMPILER_APPICON_NAME = AppIcon;
				INFOPLIST_FILE = "Evil-Hangman/Info.plist";
				LD_RUNPATH_SEARCH_PATHS = "$(inherited) @executable_path/Frameworks";
				PRODUCT_BUNDLE_IDENTIFIER = "Mees.Evil-Hangman";
				PRODUCT_NAME = "$(TARGET_NAME)";
			};
			name = Debug;
		};
		5246A9131BFE2C920061E9BE /* Release */ = {
			isa = XCBuildConfiguration;
			buildSettings = {
				ASSETCATALOG_COMPILER_APPICON_NAME = AppIcon;
				INFOPLIST_FILE = "Evil-Hangman/Info.plist";
				LD_RUNPATH_SEARCH_PATHS = "$(inherited) @executable_path/Frameworks";
				PRODUCT_BUNDLE_IDENTIFIER = "Mees.Evil-Hangman";
				PRODUCT_NAME = "$(TARGET_NAME)";
			};
			name = Release;
		};
/* End XCBuildConfiguration section */

/* Begin XCConfigurationList section */
		5246A8FA1BFE2C920061E9BE /* Build configuration list for PBXProject "Evil-Hangman" */ = {
			isa = XCConfigurationList;
			buildConfigurations = (
				5246A90F1BFE2C920061E9BE /* Debug */,
				5246A9101BFE2C920061E9BE /* Release */,
			);
			defaultConfigurationIsVisible = 0;
			defaultConfigurationName = Release;
		};
		5246A9111BFE2C920061E9BE /* Build configuration list for PBXNativeTarget "Evil-Hangman" */ = {
			isa = XCConfigurationList;
			buildConfigurations = (
				5246A9121BFE2C920061E9BE /* Debug */,
				5246A9131BFE2C920061E9BE /* Release */,
			);
			defaultConfigurationIsVisible = 0;
			defaultConfigurationName = Release;
		};
/* End XCConfigurationList section */
	};
	rootObject = 5246A8F71BFE2C920061E9BE /* Project object */;
}
